// !$*UTF8*$!
{
	archiveVersion = 1;
	classes = {
	};
	objectVersion = 56;
	objects = {

/* Begin PBXBuildFile section */
		BA0939A92C74C99E00F67EE3 /* AppButton.swift in Sources */ = {isa = PBXBuildFile; fileRef = BA0939A82C74C99E00F67EE3 /* AppButton.swift */; };
		BA0939B22C74D28A00F67EE3 /* RegistrationView.swift in Sources */ = {isa = PBXBuildFile; fileRef = BA0939B12C74D28A00F67EE3 /* RegistrationView.swift */; };
		BA0939B42C74D2D300F67EE3 /* RegistrationViewPresenter.swift in Sources */ = {isa = PBXBuildFile; fileRef = BA0939B32C74D2D300F67EE3 /* RegistrationViewPresenter.swift */; };
		BA0939B72C74DA2000F67EE3 /* WindowManager.swift in Sources */ = {isa = PBXBuildFile; fileRef = BA0939B62C74DA2000F67EE3 /* WindowManager.swift */; };
		BA0939BC2C74DC6000F67EE3 /* NSNotification.Name + Extension.swift in Sources */ = {isa = PBXBuildFile; fileRef = BA0939BB2C74DC6000F67EE3 /* NSNotification.Name + Extension.swift */; };
		BA41DB372C75DDC70089068A /* TabBarView.swift in Sources */ = {isa = PBXBuildFile; fileRef = BA41DB362C75DDC70089068A /* TabBarView.swift */; };
		BA41DB392C75DE2E0089068A /* TabBarViewPresenter.swift in Sources */ = {isa = PBXBuildFile; fileRef = BA41DB382C75DE2E0089068A /* TabBarViewPresenter.swift */; };
		BA41DB402C75E3100089068A /* UserListView.swift in Sources */ = {isa = PBXBuildFile; fileRef = BA41DB3F2C75E3100089068A /* UserListView.swift */; };
		BA41DB422C75E3950089068A /* UserListViewPresenter.swift in Sources */ = {isa = PBXBuildFile; fileRef = BA41DB412C75E3950089068A /* UserListViewPresenter.swift */; };
		BA41DB492C75E6160089068A /* MessageListView.swift in Sources */ = {isa = PBXBuildFile; fileRef = BA41DB482C75E6160089068A /* MessageListView.swift */; };
		BA41DB4B2C75E7760089068A /* MessageViewPresenter.swift in Sources */ = {isa = PBXBuildFile; fileRef = BA41DB4A2C75E7760089068A /* MessageViewPresenter.swift */; };
		BA41DB4D2C75EE510089068A /* ChatUser.swift in Sources */ = {isa = PBXBuildFile; fileRef = BA41DB4C2C75EE510089068A /* ChatUser.swift */; };
		BA41DB4F2C75F2C10089068A /* ChatItem.swift in Sources */ = {isa = PBXBuildFile; fileRef = BA41DB4E2C75F2C10089068A /* ChatItem.swift */; };
		BA41DB552C75F92C0089068A /* MessangerView.swift in Sources */ = {isa = PBXBuildFile; fileRef = BA41DB542C75F92C0089068A /* MessangerView.swift */; };
		BA41DB572C75F9690089068A /* MessangerViewPresenter.swift in Sources */ = {isa = PBXBuildFile; fileRef = BA41DB562C75F9690089068A /* MessangerViewPresenter.swift */; };
		BA41DB5D2C75FCFA0089068A /* Sender.swift in Sources */ = {isa = PBXBuildFile; fileRef = BA41DB5C2C75FCFA0089068A /* Sender.swift */; };
		BA41DB5F2C75FD200089068A /* Message.swift in Sources */ = {isa = PBXBuildFile; fileRef = BA41DB5E2C75FD200089068A /* Message.swift */; };
		BA41DB622C76240C0089068A /* MessageKit in Frameworks */ = {isa = PBXBuildFile; productRef = BA41DB612C76240C0089068A /* MessageKit */; };
		BA44C30D2C74A82F0039181B /* AppDelegate.swift in Sources */ = {isa = PBXBuildFile; fileRef = BA44C30C2C74A82F0039181B /* AppDelegate.swift */; };
		BA44C30F2C74A82F0039181B /* SceneDelegate.swift in Sources */ = {isa = PBXBuildFile; fileRef = BA44C30E2C74A82F0039181B /* SceneDelegate.swift */; };
		BA44C3162C74A8310039181B /* Assets.xcassets in Resources */ = {isa = PBXBuildFile; fileRef = BA44C3152C74A8310039181B /* Assets.xcassets */; };
		BA44C3192C74A8310039181B /* LaunchScreen.storyboard in Resources */ = {isa = PBXBuildFile; fileRef = BA44C3172C74A8310039181B /* LaunchScreen.storyboard */; };
		BA44C32C2C74AEFC0039181B /* AuthView.swift in Sources */ = {isa = PBXBuildFile; fileRef = BA44C32B2C74AEFC0039181B /* AuthView.swift */; };
		BA44C32E2C74AF640039181B /* AuthViewPresenter.swift in Sources */ = {isa = PBXBuildFile; fileRef = BA44C32D2C74AF640039181B /* AuthViewPresenter.swift */; };
		BA44C3312C74B05D0039181B /* Builder.swift in Sources */ = {isa = PBXBuildFile; fileRef = BA44C3302C74B05D0039181B /* Builder.swift */; };
		BA44C3342C74B1A00039181B /* FirebaseManager.swift in Sources */ = {isa = PBXBuildFile; fileRef = BA44C3332C74B1A00039181B /* FirebaseManager.swift */; };
		BA44C3372C74B32C0039181B /* TextField.swift in Sources */ = {isa = PBXBuildFile; fileRef = BA44C3362C74B32C0039181B /* TextField.swift */; };
		BA44C33A2C74B68B0039181B /* Localizable.strings in Resources */ = {isa = PBXBuildFile; fileRef = BA44C33C2C74B68B0039181B /* Localizable.strings */; };
		BA44C3422C74B8A70039181B /* String+Extension.swift in Sources */ = {isa = PBXBuildFile; fileRef = BA44C3412C74B8A70039181B /* String+Extension.swift */; };
		BA44C3442C74C2020039181B /* UIView + Extension.swift in Sources */ = {isa = PBXBuildFile; fileRef = BA44C3432C74C2020039181B /* UIView + Extension.swift */; };
/* End PBXBuildFile section */

/* Begin PBXFileReference section */
		BA0939A82C74C99E00F67EE3 /* AppButton.swift */ = {isa = PBXFileReference; lastKnownFileType = sourcecode.swift; path = AppButton.swift; sourceTree = "<group>"; };
		BA0939B12C74D28A00F67EE3 /* RegistrationView.swift */ = {isa = PBXFileReference; lastKnownFileType = sourcecode.swift; path = RegistrationView.swift; sourceTree = "<group>"; };
		BA0939B32C74D2D300F67EE3 /* RegistrationViewPresenter.swift */ = {isa = PBXFileReference; lastKnownFileType = sourcecode.swift; path = RegistrationViewPresenter.swift; sourceTree = "<group>"; };
		BA0939B62C74DA2000F67EE3 /* WindowManager.swift */ = {isa = PBXFileReference; lastKnownFileType = sourcecode.swift; path = WindowManager.swift; sourceTree = "<group>"; };
		BA0939BB2C74DC6000F67EE3 /* NSNotification.Name + Extension.swift */ = {isa = PBXFileReference; lastKnownFileType = sourcecode.swift; path = "NSNotification.Name + Extension.swift"; sourceTree = "<group>"; };
		BA41DB362C75DDC70089068A /* TabBarView.swift */ = {isa = PBXFileReference; lastKnownFileType = sourcecode.swift; path = TabBarView.swift; sourceTree = "<group>"; };
		BA41DB382C75DE2E0089068A /* TabBarViewPresenter.swift */ = {isa = PBXFileReference; lastKnownFileType = sourcecode.swift; path = TabBarViewPresenter.swift; sourceTree = "<group>"; };
		BA41DB3F2C75E3100089068A /* UserListView.swift */ = {isa = PBXFileReference; lastKnownFileType = sourcecode.swift; path = UserListView.swift; sourceTree = "<group>"; };
		BA41DB412C75E3950089068A /* UserListViewPresenter.swift */ = {isa = PBXFileReference; lastKnownFileType = sourcecode.swift; path = UserListViewPresenter.swift; sourceTree = "<group>"; };
		BA41DB482C75E6160089068A /* MessageListView.swift */ = {isa = PBXFileReference; lastKnownFileType = sourcecode.swift; path = MessageListView.swift; sourceTree = "<group>"; };
		BA41DB4A2C75E7760089068A /* MessageViewPresenter.swift */ = {isa = PBXFileReference; lastKnownFileType = sourcecode.swift; path = MessageViewPresenter.swift; sourceTree = "<group>"; };
		BA41DB4C2C75EE510089068A /* ChatUser.swift */ = {isa = PBXFileReference; lastKnownFileType = sourcecode.swift; path = ChatUser.swift; sourceTree = "<group>"; };
		BA41DB4E2C75F2C10089068A /* ChatItem.swift */ = {isa = PBXFileReference; lastKnownFileType = sourcecode.swift; path = ChatItem.swift; sourceTree = "<group>"; };
		BA41DB542C75F92C0089068A /* MessangerView.swift */ = {isa = PBXFileReference; lastKnownFileType = sourcecode.swift; path = MessangerView.swift; sourceTree = "<group>"; };
		BA41DB562C75F9690089068A /* MessangerViewPresenter.swift */ = {isa = PBXFileReference; lastKnownFileType = sourcecode.swift; path = MessangerViewPresenter.swift; sourceTree = "<group>"; };
		BA41DB5C2C75FCFA0089068A /* Sender.swift */ = {isa = PBXFileReference; lastKnownFileType = sourcecode.swift; path = Sender.swift; sourceTree = "<group>"; };
		BA41DB5E2C75FD200089068A /* Message.swift */ = {isa = PBXFileReference; lastKnownFileType = sourcecode.swift; path = Message.swift; sourceTree = "<group>"; };
		BA44C3092C74A82F0039181B /* ChatMessanger.app */ = {isa = PBXFileReference; explicitFileType = wrapper.application; includeInIndex = 0; path = ChatMessanger.app; sourceTree = BUILT_PRODUCTS_DIR; };
		BA44C30C2C74A82F0039181B /* AppDelegate.swift */ = {isa = PBXFileReference; lastKnownFileType = sourcecode.swift; path = AppDelegate.swift; sourceTree = "<group>"; };
		BA44C30E2C74A82F0039181B /* SceneDelegate.swift */ = {isa = PBXFileReference; lastKnownFileType = sourcecode.swift; path = SceneDelegate.swift; sourceTree = "<group>"; };
		BA44C3152C74A8310039181B /* Assets.xcassets */ = {isa = PBXFileReference; lastKnownFileType = folder.assetcatalog; path = Assets.xcassets; sourceTree = "<group>"; };
		BA44C3182C74A8310039181B /* Base */ = {isa = PBXFileReference; lastKnownFileType = file.storyboard; name = Base; path = Base.lproj/LaunchScreen.storyboard; sourceTree = "<group>"; };
		BA44C31A2C74A8310039181B /* Info.plist */ = {isa = PBXFileReference; lastKnownFileType = text.plist.xml; path = Info.plist; sourceTree = "<group>"; };
		BA44C32B2C74AEFC0039181B /* AuthView.swift */ = {isa = PBXFileReference; lastKnownFileType = sourcecode.swift; path = AuthView.swift; sourceTree = "<group>"; };
		BA44C32D2C74AF640039181B /* AuthViewPresenter.swift */ = {isa = PBXFileReference; lastKnownFileType = sourcecode.swift; path = AuthViewPresenter.swift; sourceTree = "<group>"; };
		BA44C3302C74B05D0039181B /* Builder.swift */ = {isa = PBXFileReference; lastKnownFileType = sourcecode.swift; path = Builder.swift; sourceTree = "<group>"; };
		BA44C3332C74B1A00039181B /* FirebaseManager.swift */ = {isa = PBXFileReference; lastKnownFileType = sourcecode.swift; path = FirebaseManager.swift; sourceTree = "<group>"; };
		BA44C3362C74B32C0039181B /* TextField.swift */ = {isa = PBXFileReference; lastKnownFileType = sourcecode.swift; path = TextField.swift; sourceTree = "<group>"; };
		BA44C33B2C74B68B0039181B /* en */ = {isa = PBXFileReference; lastKnownFileType = text.plist.strings; name = en; path = en.lproj/Localizable.strings; sourceTree = "<group>"; };
		BA44C33E2C74B6A60039181B /* ru */ = {isa = PBXFileReference; lastKnownFileType = text.plist.strings; name = ru; path = ru.lproj/Localizable.strings; sourceTree = "<group>"; };
		BA44C33F2C74B6CD0039181B /* en */ = {isa = PBXFileReference; lastKnownFileType = text.plist.strings; name = en; path = en.lproj/LaunchScreen.strings; sourceTree = "<group>"; };
		BA44C3412C74B8A70039181B /* String+Extension.swift */ = {isa = PBXFileReference; lastKnownFileType = sourcecode.swift; path = "String+Extension.swift"; sourceTree = "<group>"; };
		BA44C3432C74C2020039181B /* UIView + Extension.swift */ = {isa = PBXFileReference; lastKnownFileType = sourcecode.swift; path = "UIView + Extension.swift"; sourceTree = "<group>"; };
/* End PBXFileReference section */

/* Begin PBXFrameworksBuildPhase section */
		BA44C3062C74A82F0039181B /* Frameworks */ = {
			isa = PBXFrameworksBuildPhase;
			buildActionMask = 2147483647;
			files = (
				BA41DB622C76240C0089068A /* MessageKit in Frameworks */,
			);
			runOnlyForDeploymentPostprocessing = 0;
		};
/* End PBXFrameworksBuildPhase section */

/* Begin PBXGroup section */
		BA0939A72C74C98400F67EE3 /* WhiteButton */ = {
			isa = PBXGroup;
			children = (
				BA0939A82C74C99E00F67EE3 /* AppButton.swift */,
			);
			path = WhiteButton;
			sourceTree = "<group>";
		};
		BA0939AA2C74CEEB00F67EE3 /* Buttons */ = {
			isa = PBXGroup;
			children = (
				BA0939A72C74C98400F67EE3 /* WhiteButton */,
			);
			path = Buttons;
			sourceTree = "<group>";
		};
		BA0939AE2C74D24A00F67EE3 /* View */ = {
			isa = PBXGroup;
			children = (
				BA0939B12C74D28A00F67EE3 /* RegistrationView.swift */,
			);
			path = View;
			sourceTree = "<group>";
		};
		BA0939AF2C74D25700F67EE3 /* Model */ = {
			isa = PBXGroup;
			children = (
			);
			path = Model;
			sourceTree = "<group>";
		};
		BA0939B02C74D25C00F67EE3 /* Presenter */ = {
			isa = PBXGroup;
			children = (
				BA0939B32C74D2D300F67EE3 /* RegistrationViewPresenter.swift */,
			);
			path = Presenter;
			sourceTree = "<group>";
		};
		BA0939B52C74DA0E00F67EE3 /* WindowManager */ = {
			isa = PBXGroup;
			children = (
				BA0939B62C74DA2000F67EE3 /* WindowManager.swift */,
			);
			path = WindowManager;
			sourceTree = "<group>";
		};
		BA0939B82C74DB2500F67EE3 /* UIView */ = {
			isa = PBXGroup;
			children = (
				BA44C3432C74C2020039181B /* UIView + Extension.swift */,
			);
			path = UIView;
			sourceTree = "<group>";
		};
		BA0939B92C74DB3C00F67EE3 /* String */ = {
			isa = PBXGroup;
			children = (
				BA44C3412C74B8A70039181B /* String+Extension.swift */,
			);
			path = String;
			sourceTree = "<group>";
		};
		BA0939BA2C74DC2700F67EE3 /* NSNotification.Name */ = {
			isa = PBXGroup;
			children = (
				BA0939BB2C74DC6000F67EE3 /* NSNotification.Name + Extension.swift */,
			);
			path = NSNotification.Name;
			sourceTree = "<group>";
		};
		BA41DB332C75DD5F0089068A /* View */ = {
			isa = PBXGroup;
			children = (
				BA41DB362C75DDC70089068A /* TabBarView.swift */,
			);
			path = View;
			sourceTree = "<group>";
		};
		BA41DB342C75DD690089068A /* Model */ = {
			isa = PBXGroup;
			children = (
			);
			path = Model;
			sourceTree = "<group>";
		};
		BA41DB352C75DD6F0089068A /* Presenter */ = {
			isa = PBXGroup;
			children = (
				BA41DB382C75DE2E0089068A /* TabBarViewPresenter.swift */,
			);
			path = Presenter;
			sourceTree = "<group>";
		};
		BA41DB3A2C75E27B0089068A /* UserList */ = {
			isa = PBXGroup;
			children = (
				BA41DB3E2C75E29D0089068A /* Presenter */,
				BA41DB3D2C75E2970089068A /* Model */,
				BA41DB3C2C75E2920089068A /* View */,
			);
			path = UserList;
			sourceTree = "<group>";
		};
		BA41DB3B2C75E28C0089068A /* Messages */ = {
			isa = PBXGroup;
			children = (
				BA41DB442C75E4E80089068A /* Message */,
				BA41DB432C75E4CB0089068A /* Messanger */,
			);
			path = Messages;
			sourceTree = "<group>";
		};
		BA41DB3C2C75E2920089068A /* View */ = {
			isa = PBXGroup;
			children = (
				BA41DB3F2C75E3100089068A /* UserListView.swift */,
			);
			path = View;
			sourceTree = "<group>";
		};
		BA41DB3D2C75E2970089068A /* Model */ = {
			isa = PBXGroup;
			children = (
				BA41DB4C2C75EE510089068A /* ChatUser.swift */,
			);
			path = Model;
			sourceTree = "<group>";
		};
		BA41DB3E2C75E29D0089068A /* Presenter */ = {
			isa = PBXGroup;
			children = (
				BA41DB412C75E3950089068A /* UserListViewPresenter.swift */,
			);
			path = Presenter;
			sourceTree = "<group>";
		};
		BA41DB432C75E4CB0089068A /* Messanger */ = {
			isa = PBXGroup;
			children = (
				BA41DB532C75F8FC0089068A /* Presenter */,
				BA41DB522C75F8F60089068A /* Model */,
				BA41DB502C75F8E90089068A /* View */,
			);
			path = Messanger;
			sourceTree = "<group>";
		};
		BA41DB442C75E4E80089068A /* Message */ = {
			isa = PBXGroup;
			children = (
				BA41DB472C75E4FF0089068A /* Presenter */,
				BA41DB462C75E4FA0089068A /* Model */,
				BA41DB452C75E4F50089068A /* View */,
			);
			path = Message;
			sourceTree = "<group>";
		};
		BA41DB452C75E4F50089068A /* View */ = {
			isa = PBXGroup;
			children = (
				BA41DB482C75E6160089068A /* MessageListView.swift */,
			);
			path = View;
			sourceTree = "<group>";
		};
		BA41DB462C75E4FA0089068A /* Model */ = {
			isa = PBXGroup;
			children = (
				BA41DB4E2C75F2C10089068A /* ChatItem.swift */,
			);
			path = Model;
			sourceTree = "<group>";
		};
		BA41DB472C75E4FF0089068A /* Presenter */ = {
			isa = PBXGroup;
			children = (
				BA41DB4A2C75E7760089068A /* MessageViewPresenter.swift */,
			);
			path = Presenter;
			sourceTree = "<group>";
		};
		BA41DB502C75F8E90089068A /* View */ = {
			isa = PBXGroup;
			children = (
				BA41DB542C75F92C0089068A /* MessangerView.swift */,
			);
			path = View;
			sourceTree = "<group>";
		};
		BA41DB522C75F8F60089068A /* Model */ = {
			isa = PBXGroup;
			children = (
				BA41DB5B2C75FCE00089068A /* DataModel */,
			);
			path = Model;
			sourceTree = "<group>";
		};
		BA41DB532C75F8FC0089068A /* Presenter */ = {
			isa = PBXGroup;
			children = (
				BA41DB562C75F9690089068A /* MessangerViewPresenter.swift */,
			);
			path = Presenter;
			sourceTree = "<group>";
		};
		BA41DB5B2C75FCE00089068A /* DataModel */ = {
			isa = PBXGroup;
			children = (
				BA41DB5C2C75FCFA0089068A /* Sender.swift */,
				BA41DB5E2C75FD200089068A /* Message.swift */,
			);
			path = DataModel;
			sourceTree = "<group>";
		};
		BA44C3002C74A82F0039181B = {
			isa = PBXGroup;
			children = (
				BA44C30B2C74A82F0039181B /* ChatMessanger */,
				BA44C30A2C74A82F0039181B /* Products */,
			);
			sourceTree = "<group>";
		};
		BA44C30A2C74A82F0039181B /* Products */ = {
			isa = PBXGroup;
			children = (
				BA44C3092C74A82F0039181B /* ChatMessanger.app */,
			);
			name = Products;
			sourceTree = "<group>";
		};
		BA44C30B2C74A82F0039181B /* ChatMessanger */ = {
			isa = PBXGroup;
			children = (
				BA44C32F2C74B0470039181B /* Builder */,
				BA44C3242C74AD490039181B /* Helpers */,
				BA44C3232C74AD290039181B /* Common */,
				BA44C3202C74AD010039181B /* Module */,
				BA44C3152C74A8310039181B /* Assets.xcassets */,
				BA44C3172C74A8310039181B /* LaunchScreen.storyboard */,
				BA44C31A2C74A8310039181B /* Info.plist */,
				BA44C33C2C74B68B0039181B /* Localizable.strings */,
			);
			path = ChatMessanger;
			sourceTree = "<group>";
		};
		BA44C3202C74AD010039181B /* Module */ = {
			isa = PBXGroup;
			children = (
				BA44C3222C74AD0E0039181B /* App */,
				BA44C3212C74AD080039181B /* Login */,
			);
			path = Module;
			sourceTree = "<group>";
		};
		BA44C3212C74AD080039181B /* Login */ = {
			isa = PBXGroup;
			children = (
				BA44C3272C74AE0B0039181B /* RegistrationView */,
				BA44C3262C74ADFB0039181B /* AuthView */,
			);
			path = Login;
			sourceTree = "<group>";
		};
		BA44C3222C74AD0E0039181B /* App */ = {
			isa = PBXGroup;
			children = (
				BA41DB3B2C75E28C0089068A /* Messages */,
				BA41DB3A2C75E27B0089068A /* UserList */,
				BA44C3252C74ADED0039181B /* TabBar */,
			);
			path = App;
			sourceTree = "<group>";
		};
		BA44C3232C74AD290039181B /* Common */ = {
			isa = PBXGroup;
			children = (
				BA44C30C2C74A82F0039181B /* AppDelegate.swift */,
				BA44C30E2C74A82F0039181B /* SceneDelegate.swift */,
			);
			path = Common;
			sourceTree = "<group>";
		};
		BA44C3242C74AD490039181B /* Helpers */ = {
			isa = PBXGroup;
			children = (
				BA0939B52C74DA0E00F67EE3 /* WindowManager */,
				BA0939AA2C74CEEB00F67EE3 /* Buttons */,
				BA44C3402C74B8870039181B /* Extensions */,
				BA44C3352C74B30A0039181B /* TextFiled */,
				BA44C3322C74B1740039181B /* FirebaseManager */,
			);
			path = Helpers;
			sourceTree = "<group>";
		};
		BA44C3252C74ADED0039181B /* TabBar */ = {
			isa = PBXGroup;
			children = (
				BA41DB352C75DD6F0089068A /* Presenter */,
				BA41DB342C75DD690089068A /* Model */,
				BA41DB332C75DD5F0089068A /* View */,
			);
			path = TabBar;
			sourceTree = "<group>";
		};
		BA44C3262C74ADFB0039181B /* AuthView */ = {
			isa = PBXGroup;
			children = (
				BA44C32A2C74AEA60039181B /* Presenter */,
				BA44C3292C74AEA00039181B /* Model */,
				BA44C3282C74AE9A0039181B /* View */,
			);
			path = AuthView;
			sourceTree = "<group>";
		};
		BA44C3272C74AE0B0039181B /* RegistrationView */ = {
			isa = PBXGroup;
			children = (
				BA0939B02C74D25C00F67EE3 /* Presenter */,
				BA0939AF2C74D25700F67EE3 /* Model */,
				BA0939AE2C74D24A00F67EE3 /* View */,
			);
			path = RegistrationView;
			sourceTree = "<group>";
		};
		BA44C3282C74AE9A0039181B /* View */ = {
			isa = PBXGroup;
			children = (
				BA44C32B2C74AEFC0039181B /* AuthView.swift */,
			);
			path = View;
			sourceTree = "<group>";
		};
		BA44C3292C74AEA00039181B /* Model */ = {
			isa = PBXGroup;
			children = (
			);
			path = Model;
			sourceTree = "<group>";
		};
		BA44C32A2C74AEA60039181B /* Presenter */ = {
			isa = PBXGroup;
			children = (
				BA44C32D2C74AF640039181B /* AuthViewPresenter.swift */,
			);
			path = Presenter;
			sourceTree = "<group>";
		};
		BA44C32F2C74B0470039181B /* Builder */ = {
			isa = PBXGroup;
			children = (
				BA44C3302C74B05D0039181B /* Builder.swift */,
			);
			path = Builder;
			sourceTree = "<group>";
		};
		BA44C3322C74B1740039181B /* FirebaseManager */ = {
			isa = PBXGroup;
			children = (
				BA44C3332C74B1A00039181B /* FirebaseManager.swift */,
			);
			path = FirebaseManager;
			sourceTree = "<group>";
		};
		BA44C3352C74B30A0039181B /* TextFiled */ = {
			isa = PBXGroup;
			children = (
				BA44C3362C74B32C0039181B /* TextField.swift */,
			);
			path = TextFiled;
			sourceTree = "<group>";
		};
		BA44C3402C74B8870039181B /* Extensions */ = {
			isa = PBXGroup;
			children = (
				BA0939BA2C74DC2700F67EE3 /* NSNotification.Name */,
				BA0939B92C74DB3C00F67EE3 /* String */,
				BA0939B82C74DB2500F67EE3 /* UIView */,
			);
			path = Extensions;
			sourceTree = "<group>";
		};
/* End PBXGroup section */

/* Begin PBXNativeTarget section */
		BA44C3082C74A82F0039181B /* ChatMessanger */ = {
			isa = PBXNativeTarget;
			buildConfigurationList = BA44C31D2C74A8310039181B /* Build configuration list for PBXNativeTarget "ChatMessanger" */;
			buildPhases = (
				BA44C3052C74A82F0039181B /* Sources */,
				BA44C3062C74A82F0039181B /* Frameworks */,
				BA44C3072C74A82F0039181B /* Resources */,
			);
			buildRules = (
			);
			dependencies = (
			);
			name = ChatMessanger;
			packageProductDependencies = (
				BA41DB612C76240C0089068A /* MessageKit */,
			);
			productName = ChatMessanger;
			productReference = BA44C3092C74A82F0039181B /* ChatMessanger.app */;
			productType = "com.apple.product-type.application";
		};
/* End PBXNativeTarget section */

/* Begin PBXProject section */
		BA44C3012C74A82F0039181B /* Project object */ = {
			isa = PBXProject;
			attributes = {
				BuildIndependentTargetsInParallel = 1;
				LastSwiftUpdateCheck = 1520;
				LastUpgradeCheck = 1520;
				TargetAttributes = {
					BA44C3082C74A82F0039181B = {
						CreatedOnToolsVersion = 15.2;
					};
				};
			};
			buildConfigurationList = BA44C3042C74A82F0039181B /* Build configuration list for PBXProject "ChatMessanger" */;
			compatibilityVersion = "Xcode 14.0";
			developmentRegion = ru;
			hasScannedForEncodings = 0;
			knownRegions = (
				en,
				Base,
				ru,
			);
			mainGroup = BA44C3002C74A82F0039181B;
			packageReferences = (
				BA41DB602C76240C0089068A /* XCRemoteSwiftPackageReference "MessageKit" */,
			);
			productRefGroup = BA44C30A2C74A82F0039181B /* Products */;
			projectDirPath = "";
			projectRoot = "";
			targets = (
				BA44C3082C74A82F0039181B /* ChatMessanger */,
			);
		};
/* End PBXProject section */

/* Begin PBXResourcesBuildPhase section */
		BA44C3072C74A82F0039181B /* Resources */ = {
			isa = PBXResourcesBuildPhase;
			buildActionMask = 2147483647;
			files = (
				BA44C3192C74A8310039181B /* LaunchScreen.storyboard in Resources */,
				BA44C33A2C74B68B0039181B /* Localizable.strings in Resources */,
				BA44C3162C74A8310039181B /* Assets.xcassets in Resources */,
			);
			runOnlyForDeploymentPostprocessing = 0;
		};
/* End PBXResourcesBuildPhase section */

/* Begin PBXSourcesBuildPhase section */
		BA44C3052C74A82F0039181B /* Sources */ = {
			isa = PBXSourcesBuildPhase;
			buildActionMask = 2147483647;
			files = (
				BA41DB4F2C75F2C10089068A /* ChatItem.swift in Sources */,
				BA41DB402C75E3100089068A /* UserListView.swift in Sources */,
				BA41DB4B2C75E7760089068A /* MessageViewPresenter.swift in Sources */,
				BA0939B22C74D28A00F67EE3 /* RegistrationView.swift in Sources */,
				BA41DB422C75E3950089068A /* UserListViewPresenter.swift in Sources */,
				BA44C3422C74B8A70039181B /* String+Extension.swift in Sources */,
				BA44C3342C74B1A00039181B /* FirebaseManager.swift in Sources */,
				BA41DB392C75DE2E0089068A /* TabBarViewPresenter.swift in Sources */,
				BA41DB552C75F92C0089068A /* MessangerView.swift in Sources */,
				BA41DB5F2C75FD200089068A /* Message.swift in Sources */,
				BA44C30D2C74A82F0039181B /* AppDelegate.swift in Sources */,
				BA0939B72C74DA2000F67EE3 /* WindowManager.swift in Sources */,
				BA0939B42C74D2D300F67EE3 /* RegistrationViewPresenter.swift in Sources */,
				BA44C32C2C74AEFC0039181B /* AuthView.swift in Sources */,
				BA0939BC2C74DC6000F67EE3 /* NSNotification.Name + Extension.swift in Sources */,
				BA44C3372C74B32C0039181B /* TextField.swift in Sources */,
				BA44C32E2C74AF640039181B /* AuthViewPresenter.swift in Sources */,
				BA44C30F2C74A82F0039181B /* SceneDelegate.swift in Sources */,
				BA44C3312C74B05D0039181B /* Builder.swift in Sources */,
				BA41DB492C75E6160089068A /* MessageListView.swift in Sources */,
				BA41DB5D2C75FCFA0089068A /* Sender.swift in Sources */,
				BA44C3442C74C2020039181B /* UIView + Extension.swift in Sources */,
				BA41DB372C75DDC70089068A /* TabBarView.swift in Sources */,
				BA0939A92C74C99E00F67EE3 /* AppButton.swift in Sources */,
				BA41DB4D2C75EE510089068A /* ChatUser.swift in Sources */,
				BA41DB572C75F9690089068A /* MessangerViewPresenter.swift in Sources */,
			);
			runOnlyForDeploymentPostprocessing = 0;
		};
/* End PBXSourcesBuildPhase section */

/* Begin PBXVariantGroup section */
		BA44C3172C74A8310039181B /* LaunchScreen.storyboard */ = {
			isa = PBXVariantGroup;
			children = (
				BA44C3182C74A8310039181B /* Base */,
				BA44C33F2C74B6CD0039181B /* en */,
			);
			name = LaunchScreen.storyboard;
			sourceTree = "<group>";
		};
		BA44C33C2C74B68B0039181B /* Localizable.strings */ = {
			isa = PBXVariantGroup;
			children = (
				BA44C33B2C74B68B0039181B /* en */,
				BA44C33E2C74B6A60039181B /* ru */,
			);
			name = Localizable.strings;
			sourceTree = "<group>";
		};
/* End PBXVariantGroup section */

/* Begin XCBuildConfiguration section */
		BA44C31B2C74A8310039181B /* Debug */ = {
			isa = XCBuildConfiguration;
			buildSettings = {
				ALWAYS_SEARCH_USER_PATHS = NO;
				ASSETCATALOG_COMPILER_GENERATE_SWIFT_ASSET_SYMBOL_EXTENSIONS = YES;
				CLANG_ANALYZER_LOCALIZABILITY_NONLOCALIZED = YES;
				CLANG_ANALYZER_NONNULL = YES;
				CLANG_ANALYZER_NUMBER_OBJECT_CONVERSION = YES_AGGRESSIVE;
				CLANG_CXX_LANGUAGE_STANDARD = "gnu++20";
				CLANG_ENABLE_MODULES = YES;
				CLANG_ENABLE_OBJC_ARC = YES;
				CLANG_ENABLE_OBJC_WEAK = YES;
				CLANG_WARN_BLOCK_CAPTURE_AUTORELEASING = YES;
				CLANG_WARN_BOOL_CONVERSION = YES;
				CLANG_WARN_COMMA = YES;
				CLANG_WARN_CONSTANT_CONVERSION = YES;
				CLANG_WARN_DEPRECATED_OBJC_IMPLEMENTATIONS = YES;
				CLANG_WARN_DIRECT_OBJC_ISA_USAGE = YES_ERROR;
				CLANG_WARN_DOCUMENTATION_COMMENTS = YES;
				CLANG_WARN_EMPTY_BODY = YES;
				CLANG_WARN_ENUM_CONVERSION = YES;
				CLANG_WARN_INFINITE_RECURSION = YES;
				CLANG_WARN_INT_CONVERSION = YES;
				CLANG_WARN_NON_LITERAL_NULL_CONVERSION = YES;
				CLANG_WARN_OBJC_IMPLICIT_RETAIN_SELF = YES;
				CLANG_WARN_OBJC_LITERAL_CONVERSION = YES;
				CLANG_WARN_OBJC_ROOT_CLASS = YES_ERROR;
				CLANG_WARN_QUOTED_INCLUDE_IN_FRAMEWORK_HEADER = YES;
				CLANG_WARN_RANGE_LOOP_ANALYSIS = YES;
				CLANG_WARN_STRICT_PROTOTYPES = YES;
				CLANG_WARN_SUSPICIOUS_MOVE = YES;
				CLANG_WARN_UNGUARDED_AVAILABILITY = YES_AGGRESSIVE;
				CLANG_WARN_UNREACHABLE_CODE = YES;
				CLANG_WARN__DUPLICATE_METHOD_MATCH = YES;
				COPY_PHASE_STRIP = NO;
				DEBUG_INFORMATION_FORMAT = dwarf;
				ENABLE_STRICT_OBJC_MSGSEND = YES;
				ENABLE_TESTABILITY = YES;
				ENABLE_USER_SCRIPT_SANDBOXING = YES;
				GCC_C_LANGUAGE_STANDARD = gnu17;
				GCC_DYNAMIC_NO_PIC = NO;
				GCC_NO_COMMON_BLOCKS = YES;
				GCC_OPTIMIZATION_LEVEL = 0;
				GCC_PREPROCESSOR_DEFINITIONS = (
					"DEBUG=1",
					"$(inherited)",
				);
				GCC_WARN_64_TO_32_BIT_CONVERSION = YES;
				GCC_WARN_ABOUT_RETURN_TYPE = YES_ERROR;
				GCC_WARN_UNDECLARED_SELECTOR = YES;
				GCC_WARN_UNINITIALIZED_AUTOS = YES_AGGRESSIVE;
				GCC_WARN_UNUSED_FUNCTION = YES;
				GCC_WARN_UNUSED_VARIABLE = YES;
				IPHONEOS_DEPLOYMENT_TARGET = 17.2;
				LOCALIZATION_PREFERS_STRING_CATALOGS = YES;
				MTL_ENABLE_DEBUG_INFO = INCLUDE_SOURCE;
				MTL_FAST_MATH = YES;
				ONLY_ACTIVE_ARCH = YES;
				SDKROOT = iphoneos;
				SWIFT_ACTIVE_COMPILATION_CONDITIONS = "DEBUG $(inherited)";
				SWIFT_OPTIMIZATION_LEVEL = "-Onone";
			};
			name = Debug;
		};
		BA44C31C2C74A8310039181B /* Release */ = {
			isa = XCBuildConfiguration;
			buildSettings = {
				ALWAYS_SEARCH_USER_PATHS = NO;
				ASSETCATALOG_COMPILER_GENERATE_SWIFT_ASSET_SYMBOL_EXTENSIONS = YES;
				CLANG_ANALYZER_LOCALIZABILITY_NONLOCALIZED = YES;
				CLANG_ANALYZER_NONNULL = YES;
				CLANG_ANALYZER_NUMBER_OBJECT_CONVERSION = YES_AGGRESSIVE;
				CLANG_CXX_LANGUAGE_STANDARD = "gnu++20";
				CLANG_ENABLE_MODULES = YES;
				CLANG_ENABLE_OBJC_ARC = YES;
				CLANG_ENABLE_OBJC_WEAK = YES;
				CLANG_WARN_BLOCK_CAPTURE_AUTORELEASING = YES;
				CLANG_WARN_BOOL_CONVERSION = YES;
				CLANG_WARN_COMMA = YES;
				CLANG_WARN_CONSTANT_CONVERSION = YES;
				CLANG_WARN_DEPRECATED_OBJC_IMPLEMENTATIONS = YES;
				CLANG_WARN_DIRECT_OBJC_ISA_USAGE = YES_ERROR;
				CLANG_WARN_DOCUMENTATION_COMMENTS = YES;
				CLANG_WARN_EMPTY_BODY = YES;
				CLANG_WARN_ENUM_CONVERSION = YES;
				CLANG_WARN_INFINITE_RECURSION = YES;
				CLANG_WARN_INT_CONVERSION = YES;
				CLANG_WARN_NON_LITERAL_NULL_CONVERSION = YES;
				CLANG_WARN_OBJC_IMPLICIT_RETAIN_SELF = YES;
				CLANG_WARN_OBJC_LITERAL_CONVERSION = YES;
				CLANG_WARN_OBJC_ROOT_CLASS = YES_ERROR;
				CLANG_WARN_QUOTED_INCLUDE_IN_FRAMEWORK_HEADER = YES;
				CLANG_WARN_RANGE_LOOP_ANALYSIS = YES;
				CLANG_WARN_STRICT_PROTOTYPES = YES;
				CLANG_WARN_SUSPICIOUS_MOVE = YES;
				CLANG_WARN_UNGUARDED_AVAILABILITY = YES_AGGRESSIVE;
				CLANG_WARN_UNREACHABLE_CODE = YES;
				CLANG_WARN__DUPLICATE_METHOD_MATCH = YES;
				COPY_PHASE_STRIP = NO;
				DEBUG_INFORMATION_FORMAT = "dwarf-with-dsym";
				ENABLE_NS_ASSERTIONS = NO;
				ENABLE_STRICT_OBJC_MSGSEND = YES;
				ENABLE_USER_SCRIPT_SANDBOXING = YES;
				GCC_C_LANGUAGE_STANDARD = gnu17;
				GCC_NO_COMMON_BLOCKS = YES;
				GCC_WARN_64_TO_32_BIT_CONVERSION = YES;
				GCC_WARN_ABOUT_RETURN_TYPE = YES_ERROR;
				GCC_WARN_UNDECLARED_SELECTOR = YES;
				GCC_WARN_UNINITIALIZED_AUTOS = YES_AGGRESSIVE;
				GCC_WARN_UNUSED_FUNCTION = YES;
				GCC_WARN_UNUSED_VARIABLE = YES;
				IPHONEOS_DEPLOYMENT_TARGET = 17.2;
				LOCALIZATION_PREFERS_STRING_CATALOGS = YES;
				MTL_ENABLE_DEBUG_INFO = NO;
				MTL_FAST_MATH = YES;
				SDKROOT = iphoneos;
				SWIFT_COMPILATION_MODE = wholemodule;
				VALIDATE_PRODUCT = YES;
			};
			name = Release;
		};
		BA44C31E2C74A8310039181B /* Debug */ = {
			isa = XCBuildConfiguration;
			buildSettings = {
				ASSETCATALOG_COMPILER_APPICON_NAME = AppIcon;
				ASSETCATALOG_COMPILER_GLOBAL_ACCENT_COLOR_NAME = AccentColor;
				CODE_SIGN_STYLE = Automatic;
				CURRENT_PROJECT_VERSION = 1;
				GENERATE_INFOPLIST_FILE = YES;
				INFOPLIST_FILE = ChatMessanger/Info.plist;
				INFOPLIST_KEY_UIApplicationSupportsIndirectInputEvents = YES;
				INFOPLIST_KEY_UILaunchStoryboardName = LaunchScreen;
				INFOPLIST_KEY_UISupportedInterfaceOrientations_iPad = "UIInterfaceOrientationPortrait UIInterfaceOrientationPortraitUpsideDown UIInterfaceOrientationLandscapeLeft UIInterfaceOrientationLandscapeRight";
				INFOPLIST_KEY_UISupportedInterfaceOrientations_iPhone = "UIInterfaceOrientationPortrait UIInterfaceOrientationLandscapeLeft UIInterfaceOrientationLandscapeRight";
				LD_RUNPATH_SEARCH_PATHS = (
					"$(inherited)",
					"@executable_path/Frameworks",
				);
				MARKETING_VERSION = 1.0;
				PRODUCT_BUNDLE_IDENTIFIER = IvanTulin.ChatMessanger;
				PRODUCT_NAME = "$(TARGET_NAME)";
				SWIFT_EMIT_LOC_STRINGS = YES;
				SWIFT_VERSION = 5.0;
				TARGETED_DEVICE_FAMILY = "1,2";
			};
			name = Debug;
		};
		BA44C31F2C74A8310039181B /* Release */ = {
			isa = XCBuildConfiguration;
			buildSettings = {
				ASSETCATALOG_COMPILER_APPICON_NAME = AppIcon;
				ASSETCATALOG_COMPILER_GLOBAL_ACCENT_COLOR_NAME = AccentColor;
				CODE_SIGN_STYLE = Automatic;
				CURRENT_PROJECT_VERSION = 1;
				GENERATE_INFOPLIST_FILE = YES;
				INFOPLIST_FILE = ChatMessanger/Info.plist;
				INFOPLIST_KEY_UIApplicationSupportsIndirectInputEvents = YES;
				INFOPLIST_KEY_UILaunchStoryboardName = LaunchScreen;
				INFOPLIST_KEY_UISupportedInterfaceOrientations_iPad = "UIInterfaceOrientationPortrait UIInterfaceOrientationPortraitUpsideDown UIInterfaceOrientationLandscapeLeft UIInterfaceOrientationLandscapeRight";
				INFOPLIST_KEY_UISupportedInterfaceOrientations_iPhone = "UIInterfaceOrientationPortrait UIInterfaceOrientationLandscapeLeft UIInterfaceOrientationLandscapeRight";
				LD_RUNPATH_SEARCH_PATHS = (
					"$(inherited)",
					"@executable_path/Frameworks",
				);
				MARKETING_VERSION = 1.0;
				PRODUCT_BUNDLE_IDENTIFIER = IvanTulin.ChatMessanger;
				PRODUCT_NAME = "$(TARGET_NAME)";
				SWIFT_EMIT_LOC_STRINGS = YES;
				SWIFT_VERSION = 5.0;
				TARGETED_DEVICE_FAMILY = "1,2";
			};
			name = Release;
		};
/* End XCBuildConfiguration section */

/* Begin XCConfigurationList section */
		BA44C3042C74A82F0039181B /* Build configuration list for PBXProject "ChatMessanger" */ = {
			isa = XCConfigurationList;
			buildConfigurations = (
				BA44C31B2C74A8310039181B /* Debug */,
				BA44C31C2C74A8310039181B /* Release */,
			);
			defaultConfigurationIsVisible = 0;
			defaultConfigurationName = Release;
		};
		BA44C31D2C74A8310039181B /* Build configuration list for PBXNativeTarget "ChatMessanger" */ = {
			isa = XCConfigurationList;
			buildConfigurations = (
				BA44C31E2C74A8310039181B /* Debug */,
				BA44C31F2C74A8310039181B /* Release */,
			);
			defaultConfigurationIsVisible = 0;
			defaultConfigurationName = Release;
		};
/* End XCConfigurationList section */

/* Begin XCRemoteSwiftPackageReference section */
		BA41DB602C76240C0089068A /* XCRemoteSwiftPackageReference "MessageKit" */ = {
			isa = XCRemoteSwiftPackageReference;
			repositoryURL = "https://github.com/MessageKit/MessageKit";
			requirement = {
				kind = upToNextMajorVersion;
				minimumVersion = 4.2.0;
			};
		};
/* End XCRemoteSwiftPackageReference section */

/* Begin XCSwiftPackageProductDependency section */
		BA41DB612C76240C0089068A /* MessageKit */ = {
			isa = XCSwiftPackageProductDependency;
			package = BA41DB602C76240C0089068A /* XCRemoteSwiftPackageReference "MessageKit" */;
			productName = MessageKit;
		};
/* End XCSwiftPackageProductDependency section */
	};
	rootObject = BA44C3012C74A82F0039181B /* Project object */;
}
